
Microsoft Visual Studio Solution File, Format Version 12.00
# Visual Studio Version 16
VisualStudioVersion = 16.0.30611.23
MinimumVisualStudioVersion = 10.0.40219.1
Project("{FAE04EC0-301F-11D3-BF4B-00C04F79EFBC}") = "astroblast1", "astroblast1\astroblast1.csproj", "{90804B04-A3DC-490E-9F51-3B3CC89FC469}"
EndProject
Global
	GlobalSection(SolutionConfigurationPlatforms) = preSolution
		Debug|Any CPU = Debug|Any CPU
		Release|Any CPU = Release|Any CPU
	EndGlobalSection
	GlobalSection(ProjectConfigurationPlatforms) = postSolution
		{90804B04-A3DC-490E-9F51-3B3CC89FC469}.Debug|Any CPU.ActiveCfg = Debug|Any CPU
		{90804B04-A3DC-490E-9F51-3B3CC89FC469}.Debug|Any CPU.Build.0 = Debug|Any CPU
		{90804B04-A3DC-490E-9F51-3B3CC89FC469}.Release|Any CPU.ActiveCfg = Release|Any CPU
		{90804B04-A3DC-490E-9F51-3B3CC89FC469}.Release|Any CPU.Build.0 = Release|Any CPU
	EndGlobalSection
	GlobalSection(SolutionProperties) = preSolution
		HideSolutionNode = FALSE
	EndGlobalSection
	GlobalSection(ExtensibilityGlobals) = postSolution
		SolutionGuid = {8FF51B52-BDA0-4A63-BC24-28C933B67AF2}
	EndGlobalSection
EndGlobal
